
Microsoft Visual Studio Solution File, Format Version 12.00
# Visual Studio 15
VisualStudioVersion = 15.0.28010.2050
MinimumVisualStudioVersion = 10.0.40219.1
Project("{FAE04EC0-301F-11D3-BF4B-00C04F79EFBC}") = "FileSearchProject_WF", "FileSearchProject_WF\FileSearchProject_WF.csproj", "{0349EA59-EA35-4C34-9B6F-02CBA365B45D}"
EndProject
Global
	GlobalSection(SolutionConfigurationPlatforms) = preSolution
		Debug|Any CPU = Debug|Any CPU
		Release|Any CPU = Release|Any CPU
	EndGlobalSection
	GlobalSection(ProjectConfigurationPlatforms) = postSolution
		{0349EA59-EA35-4C34-9B6F-02CBA365B45D}.Debug|Any CPU.ActiveCfg = Debug|Any CPU
		{0349EA59-EA35-4C34-9B6F-02CBA365B45D}.Debug|Any CPU.Build.0 = Debug|Any CPU
		{0349EA59-EA35-4C34-9B6F-02CBA365B45D}.Release|Any CPU.ActiveCfg = Release|Any CPU
		{0349EA59-EA35-4C34-9B6F-02CBA365B45D}.Release|Any CPU.Build.0 = Release|Any CPU
	EndGlobalSection
	GlobalSection(SolutionProperties) = preSolution
		HideSolutionNode = FALSE
	EndGlobalSection
	GlobalSection(ExtensibilityGlobals) = postSolution
		SolutionGuid = {BB8E1205-646C-4AF0-AAB9-DF8F13E73FF2}
	EndGlobalSection
EndGlobal
